
Microsoft Visual Studio Solution File, Format Version 12.00
# Visual Studio Version 16
VisualStudioVersion = 16.0.30309.148
MinimumVisualStudioVersion = 10.0.40219.1
Project("{FAE04EC0-301F-11D3-BF4B-00C04F79EFBC}") = "LanchesOnline", "LanchesOnline.csproj", "{9F4AC94B-927F-45FC-8CD7-691E0D1305B2}"
EndProject
Global
	GlobalSection(SolutionConfigurationPlatforms) = preSolution
		Debug|Any CPU = Debug|Any CPU
		Release|Any CPU = Release|Any CPU
	EndGlobalSection
	GlobalSection(ProjectConfigurationPlatforms) = postSolution
		{9F4AC94B-927F-45FC-8CD7-691E0D1305B2}.Debug|Any CPU.ActiveCfg = Debug|Any CPU
		{9F4AC94B-927F-45FC-8CD7-691E0D1305B2}.Debug|Any CPU.Build.0 = Debug|Any CPU
		{9F4AC94B-927F-45FC-8CD7-691E0D1305B2}.Release|Any CPU.ActiveCfg = Release|Any CPU
		{9F4AC94B-927F-45FC-8CD7-691E0D1305B2}.Release|Any CPU.Build.0 = Release|Any CPU
	EndGlobalSection
	GlobalSection(SolutionProperties) = preSolution
		HideSolutionNode = FALSE
	EndGlobalSection
	GlobalSection(ExtensibilityGlobals) = postSolution
		SolutionGuid = {8BCD0438-DF8F-4CCB-A163-306C19A745C3}
	EndGlobalSection
EndGlobal
